
Microsoft Visual Studio Solution File, Format Version 12.00
# Visual Studio Version 17
VisualStudioVersion = 17.6.33829.357
MinimumVisualStudioVersion = 10.0.40219.1
Project("{9A19103F-16F7-4668-BE54-9A1E7A4F7556}") = "Restaurant", "Restaurant\Restaurant.csproj", "{5F529F22-E2D9-44A9-928A-5A7300AD42EB}"
EndProject
Global
	GlobalSection(SolutionConfigurationPlatforms) = preSolution
		Debug|Any CPU = Debug|Any CPU
		Release|Any CPU = Release|Any CPU
	EndGlobalSection
	GlobalSection(ProjectConfigurationPlatforms) = postSolution
		{5F529F22-E2D9-44A9-928A-5A7300AD42EB}.Debug|Any CPU.ActiveCfg = Debug|Any CPU
		{5F529F22-E2D9-44A9-928A-5A7300AD42EB}.Debug|Any CPU.Build.0 = Debug|Any CPU
		{5F529F22-E2D9-44A9-928A-5A7300AD42EB}.Release|Any CPU.ActiveCfg = Release|Any CPU
		{5F529F22-E2D9-44A9-928A-5A7300AD42EB}.Release|Any CPU.Build.0 = Release|Any CPU
	EndGlobalSection
	GlobalSection(SolutionProperties) = preSolution
		HideSolutionNode = FALSE
	EndGlobalSection
	GlobalSection(ExtensibilityGlobals) = postSolution
		SolutionGuid = {8F1DF9A0-319B-45C6-9558-54A083061A72}
	EndGlobalSection
EndGlobal
